
Microsoft Visual Studio Solution File, Format Version 12.00
# Visual Studio 15
VisualStudioVersion = 15.0.26430.13
MinimumVisualStudioVersion = 10.0.40219.1
Project("{FAE04EC0-301F-11D3-BF4B-00C04F79EFBC}") = "Jep.nuget.web", "Jep.nuget.web\Jep.nuget.web.csproj", "{D69267F4-4691-4833-BB2C-AFDA40ED6196}"
EndProject
Global
	GlobalSection(SolutionConfigurationPlatforms) = preSolution
		Debug|Any CPU = Debug|Any CPU
		Release|Any CPU = Release|Any CPU
	EndGlobalSection
	GlobalSection(ProjectConfigurationPlatforms) = postSolution
		{D69267F4-4691-4833-BB2C-AFDA40ED6196}.Debug|Any CPU.ActiveCfg = Debug|Any CPU
		{D69267F4-4691-4833-BB2C-AFDA40ED6196}.Debug|Any CPU.Build.0 = Debug|Any CPU
		{D69267F4-4691-4833-BB2C-AFDA40ED6196}.Release|Any CPU.ActiveCfg = Release|Any CPU
		{D69267F4-4691-4833-BB2C-AFDA40ED6196}.Release|Any CPU.Build.0 = Release|Any CPU
	EndGlobalSection
	GlobalSection(SolutionProperties) = preSolution
		HideSolutionNode = FALSE
	EndGlobalSection
EndGlobal
